# name|version|platform|artifact|url|sha256|archive|binary
shellcheck|0.11.0|darwin-arm64|shellcheck-v0.11.0.darwin.aarch64.tar.xz|https://github.com/koalaman/shellcheck/releases/download/v0.11.0/shellcheck-v0.11.0.darwin.aarch64.tar.xz|56affdd8de5527894dca6dc3d7e0a99a873b0f004d7aabc30ae407d3f48b0a79|tar.xz|shellcheck-v0.11.0/shellcheck
shellcheck|0.11.0|darwin-x86_64|shellcheck-v0.11.0.darwin.x86_64.tar.xz|https://github.com/koalaman/shellcheck/releases/download/v0.11.0/shellcheck-v0.11.0.darwin.x86_64.tar.xz|3c89db4edcab7cf1c27bff178882e0f6f27f7afdf54e859fa041fca10febe4c6|tar.xz|shellcheck-v0.11.0/shellcheck
shfmt|3.13.1|darwin-arm64|shfmt_v3.13.1_darwin_arm64|https://github.com/mvdan/sh/releases/download/v3.13.1/shfmt_v3.13.1_darwin_arm64|9680526be4a66ea1ffe988ed08af58e1400fe1e4f4aef5bd88b20bb9b3da33f8|binary|shfmt
shfmt|3.13.1|darwin-x86_64|shfmt_v3.13.1_darwin_amd64|https://github.com/mvdan/sh/releases/download/v3.13.1/shfmt_v3.13.1_darwin_amd64|6feedafc72915794163114f512348e2437d080d0047ef8b8fa2ec63b575f12af|binary|shfmt
